// !$*UTF8*$!
{
	archiveVersion = 1;
	classes = {
	};
	objectVersion = 56;
	objects = {

/* Begin PBXBuildFile section */
		45E9EF7F29F555160085B2DF /* Task_ManagerApp.swift in Sources */ = {isa = PBXBuildFile; fileRef = 45E9EF7E29F555160085B2DF /* Task_ManagerApp.swift */; };
		45E9EF8129F555160085B2DF /* ContentView.swift in Sources */ = {isa = PBXBuildFile; fileRef = 45E9EF8029F555160085B2DF /* ContentView.swift */; };
		45E9EF8329F555170085B2DF /* Assets.xcassets in Resources */ = {isa = PBXBuildFile; fileRef = 45E9EF8229F555170085B2DF /* Assets.xcassets */; };
		45E9EF8729F555170085B2DF /* Preview Assets.xcassets in Resources */ = {isa = PBXBuildFile; fileRef = 45E9EF8629F555170085B2DF /* Preview Assets.xcassets */; };
		45E9EF8E29F5555E0085B2DF /* DefaultView.swift in Sources */ = {isa = PBXBuildFile; fileRef = 45E9EF8D29F5555E0085B2DF /* DefaultView.swift */; };
		45E9EF9229F556480085B2DF /* TaskRow.swift in Sources */ = {isa = PBXBuildFile; fileRef = 45E9EF9129F556480085B2DF /* TaskRow.swift */; };
		45E9EF9429F556E40085B2DF /* Task.swift in Sources */ = {isa = PBXBuildFile; fileRef = 45E9EF9329F556E30085B2DF /* Task.swift */; };
		45E9EF9629F5571B0085B2DF /* TaskStatus.swift in Sources */ = {isa = PBXBuildFile; fileRef = 45E9EF9529F5571B0085B2DF /* TaskStatus.swift */; };
		45E9EF9D29F55DCC0085B2DF /* DataManager.swift in Sources */ = {isa = PBXBuildFile; fileRef = 45E9EF9C29F55DCC0085B2DF /* DataManager.swift */; };
		45E9EF9F29F55F040085B2DF /* Constants.swift in Sources */ = {isa = PBXBuildFile; fileRef = 45E9EF9E29F55F040085B2DF /* Constants.swift */; };
		45E9EFA129F562320085B2DF /* CreateTaskView.swift in Sources */ = {isa = PBXBuildFile; fileRef = 45E9EFA029F562320085B2DF /* CreateTaskView.swift */; };
/* End PBXBuildFile section */

/* Begin PBXFileReference section */
		45E9EF7B29F555160085B2DF /* Task Manager.app */ = {isa = PBXFileReference; explicitFileType = wrapper.application; includeInIndex = 0; path = "Task Manager.app"; sourceTree = BUILT_PRODUCTS_DIR; };
		45E9EF7E29F555160085B2DF /* Task_ManagerApp.swift */ = {isa = PBXFileReference; lastKnownFileType = sourcecode.swift; path = Task_ManagerApp.swift; sourceTree = "<group>"; };
		45E9EF8029F555160085B2DF /* ContentView.swift */ = {isa = PBXFileReference; lastKnownFileType = sourcecode.swift; path = ContentView.swift; sourceTree = "<group>"; };
		45E9EF8229F555170085B2DF /* Assets.xcassets */ = {isa = PBXFileReference; lastKnownFileType = folder.assetcatalog; path = Assets.xcassets; sourceTree = "<group>"; };
		45E9EF8429F555170085B2DF /* Task_Manager.entitlements */ = {isa = PBXFileReference; lastKnownFileType = text.plist.entitlements; path = Task_Manager.entitlements; sourceTree = "<group>"; };
		45E9EF8629F555170085B2DF /* Preview Assets.xcassets */ = {isa = PBXFileReference; lastKnownFileType = folder.assetcatalog; path = "Preview Assets.xcassets"; sourceTree = "<group>"; };
		45E9EF8D29F5555E0085B2DF /* DefaultView.swift */ = {isa = PBXFileReference; lastKnownFileType = sourcecode.swift; path = DefaultView.swift; sourceTree = "<group>"; };
		45E9EF9129F556480085B2DF /* TaskRow.swift */ = {isa = PBXFileReference; lastKnownFileType = sourcecode.swift; path = TaskRow.swift; sourceTree = "<group>"; };
		45E9EF9329F556E30085B2DF /* Task.swift */ = {isa = PBXFileReference; lastKnownFileType = sourcecode.swift; path = Task.swift; sourceTree = "<group>"; };
		45E9EF9529F5571B0085B2DF /* TaskStatus.swift */ = {isa = PBXFileReference; lastKnownFileType = sourcecode.swift; path = TaskStatus.swift; sourceTree = "<group>"; };
		45E9EF9C29F55DCC0085B2DF /* DataManager.swift */ = {isa = PBXFileReference; lastKnownFileType = sourcecode.swift; path = DataManager.swift; sourceTree = "<group>"; };
		45E9EF9E29F55F040085B2DF /* Constants.swift */ = {isa = PBXFileReference; lastKnownFileType = sourcecode.swift; path = Constants.swift; sourceTree = "<group>"; };
		45E9EFA029F562320085B2DF /* CreateTaskView.swift */ = {isa = PBXFileReference; lastKnownFileType = sourcecode.swift; path = CreateTaskView.swift; sourceTree = "<group>"; };
/* End PBXFileReference section */

/* Begin PBXFrameworksBuildPhase section */
		45E9EF7829F555160085B2DF /* Frameworks */ = {
			isa = PBXFrameworksBuildPhase;
			buildActionMask = 2147483647;
			files = (
			);
			runOnlyForDeploymentPostprocessing = 0;
		};
/* End PBXFrameworksBuildPhase section */

/* Begin PBXGroup section */
		45E9EF7229F555160085B2DF = {
			isa = PBXGroup;
			children = (
				45E9EF7D29F555160085B2DF /* Task Manager */,
				45E9EF7C29F555160085B2DF /* Products */,
			);
			sourceTree = "<group>";
		};
		45E9EF7C29F555160085B2DF /* Products */ = {
			isa = PBXGroup;
			children = (
				45E9EF7B29F555160085B2DF /* Task Manager.app */,
			);
			name = Products;
			sourceTree = "<group>";
		};
		45E9EF7D29F555160085B2DF /* Task Manager */ = {
			isa = PBXGroup;
			children = (
				45E9EF7E29F555160085B2DF /* Task_ManagerApp.swift */,
				45E9EF8029F555160085B2DF /* ContentView.swift */,
				45E9EF9829F55D0F0085B2DF /* Views */,
				45E9EF9729F55CFD0085B2DF /* Models */,
				45E9EFA229F5850C0085B2DF /* Utilities  */,
				45E9EF8229F555170085B2DF /* Assets.xcassets */,
				45E9EF8429F555170085B2DF /* Task_Manager.entitlements */,
				45E9EF8529F555170085B2DF /* Preview Content */,
			);
			path = "Task Manager";
			sourceTree = "<group>";
		};
		45E9EF8529F555170085B2DF /* Preview Content */ = {
			isa = PBXGroup;
			children = (
				45E9EF8629F555170085B2DF /* Preview Assets.xcassets */,
			);
			path = "Preview Content";
			sourceTree = "<group>";
		};
		45E9EF9729F55CFD0085B2DF /* Models */ = {
			isa = PBXGroup;
			children = (
				45E9EF9329F556E30085B2DF /* Task.swift */,
				45E9EFA329F585300085B2DF /* Enums */,
			);
			path = Models;
			sourceTree = "<group>";
		};
		45E9EF9829F55D0F0085B2DF /* Views */ = {
			isa = PBXGroup;
			children = (
				45E9EF9929F55D170085B2DF /* Main */,
				45E9EF9A29F55D1E0085B2DF /* Task */,
			);
			path = Views;
			sourceTree = "<group>";
		};
		45E9EF9929F55D170085B2DF /* Main */ = {
			isa = PBXGroup;
			children = (
				45E9EF8D29F5555E0085B2DF /* DefaultView.swift */,
			);
			path = Main;
			sourceTree = "<group>";
		};
		45E9EF9A29F55D1E0085B2DF /* Task */ = {
			isa = PBXGroup;
			children = (
				45E9EFA029F562320085B2DF /* CreateTaskView.swift */,
				45E9EF9129F556480085B2DF /* TaskRow.swift */,
			);
			path = Task;
			sourceTree = "<group>";
		};
		45E9EF9B29F55DC00085B2DF /* Managers */ = {
			isa = PBXGroup;
			children = (
				45E9EF9C29F55DCC0085B2DF /* DataManager.swift */,
			);
			path = Managers;
			sourceTree = "<group>";
		};
		45E9EFA229F5850C0085B2DF /* Utilities  */ = {
			isa = PBXGroup;
			children = (
				45E9EF9E29F55F040085B2DF /* Constants.swift */,
				45E9EF9B29F55DC00085B2DF /* Managers */,
			);
			path = "Utilities ";
			sourceTree = "<group>";
		};
		45E9EFA329F585300085B2DF /* Enums */ = {
			isa = PBXGroup;
			children = (
				45E9EF9529F5571B0085B2DF /* TaskStatus.swift */,
			);
			path = Enums;
			sourceTree = "<group>";
		};
/* End PBXGroup section */

/* Begin PBXNativeTarget section */
		45E9EF7A29F555160085B2DF /* Task Manager */ = {
			isa = PBXNativeTarget;
			buildConfigurationList = 45E9EF8A29F555170085B2DF /* Build configuration list for PBXNativeTarget "Task Manager" */;
			buildPhases = (
				45E9EF7729F555160085B2DF /* Sources */,
				45E9EF7829F555160085B2DF /* Frameworks */,
				45E9EF7929F555160085B2DF /* Resources */,
			);
			buildRules = (
			);
			dependencies = (
			);
			name = "Task Manager";
			productName = "Task Manager";
			productReference = 45E9EF7B29F555160085B2DF /* Task Manager.app */;
			productType = "com.apple.product-type.application";
		};
/* End PBXNativeTarget section */

/* Begin PBXProject section */
		45E9EF7329F555160085B2DF /* Project object */ = {
			isa = PBXProject;
			attributes = {
				BuildIndependentTargetsInParallel = 1;
				LastSwiftUpdateCheck = 1430;
				LastUpgradeCheck = 1430;
				TargetAttributes = {
					45E9EF7A29F555160085B2DF = {
						CreatedOnToolsVersion = 14.3;
					};
				};
			};
			buildConfigurationList = 45E9EF7629F555160085B2DF /* Build configuration list for PBXProject "Task Manager" */;
			compatibilityVersion = "Xcode 14.0";
			developmentRegion = en;
			hasScannedForEncodings = 0;
			knownRegions = (
				en,
				Base,
			);
			mainGroup = 45E9EF7229F555160085B2DF;
			productRefGroup = 45E9EF7C29F555160085B2DF /* Products */;
			projectDirPath = "";
			projectRoot = "";
			targets = (
				45E9EF7A29F555160085B2DF /* Task Manager */,
			);
		};
/* End PBXProject section */

/* Begin PBXResourcesBuildPhase section */
		45E9EF7929F555160085B2DF /* Resources */ = {
			isa = PBXResourcesBuildPhase;
			buildActionMask = 2147483647;
			files = (
				45E9EF8729F555170085B2DF /* Preview Assets.xcassets in Resources */,
				45E9EF8329F555170085B2DF /* Assets.xcassets in Resources */,
			);
			runOnlyForDeploymentPostprocessing = 0;
		};
/* End PBXResourcesBuildPhase section */

/* Begin PBXSourcesBuildPhase section */
		45E9EF7729F555160085B2DF /* Sources */ = {
			isa = PBXSourcesBuildPhase;
			buildActionMask = 2147483647;
			files = (
				45E9EF9229F556480085B2DF /* TaskRow.swift in Sources */,
				45E9EFA129F562320085B2DF /* CreateTaskView.swift in Sources */,
				45E9EF9D29F55DCC0085B2DF /* DataManager.swift in Sources */,
				45E9EF8129F555160085B2DF /* ContentView.swift in Sources */,
				45E9EF9629F5571B0085B2DF /* TaskStatus.swift in Sources */,
				45E9EF7F29F555160085B2DF /* Task_ManagerApp.swift in Sources */,
				45E9EF9429F556E40085B2DF /* Task.swift in Sources */,
				45E9EF8E29F5555E0085B2DF /* DefaultView.swift in Sources */,
				45E9EF9F29F55F040085B2DF /* Constants.swift in Sources */,
			);
			runOnlyForDeploymentPostprocessing = 0;
		};
/* End PBXSourcesBuildPhase section */

/* Begin XCBuildConfiguration section */
		45E9EF8829F555170085B2DF /* Debug */ = {
			isa = XCBuildConfiguration;
			buildSettings = {
				ALWAYS_SEARCH_USER_PATHS = NO;
				CLANG_ANALYZER_NONNULL = YES;
				CLANG_ANALYZER_NUMBER_OBJECT_CONVERSION = YES_AGGRESSIVE;
				CLANG_CXX_LANGUAGE_STANDARD = "gnu++20";
				CLANG_ENABLE_MODULES = YES;
				CLANG_ENABLE_OBJC_ARC = YES;
				CLANG_ENABLE_OBJC_WEAK = YES;
				CLANG_WARN_BLOCK_CAPTURE_AUTORELEASING = YES;
				CLANG_WARN_BOOL_CONVERSION = YES;
				CLANG_WARN_COMMA = YES;
				CLANG_WARN_CONSTANT_CONVERSION = YES;
				CLANG_WARN_DEPRECATED_OBJC_IMPLEMENTATIONS = YES;
				CLANG_WARN_DIRECT_OBJC_ISA_USAGE = YES_ERROR;
				CLANG_WARN_DOCUMENTATION_COMMENTS = YES;
				CLANG_WARN_EMPTY_BODY = YES;
				CLANG_WARN_ENUM_CONVERSION = YES;
				CLANG_WARN_INFINITE_RECURSION = YES;
				CLANG_WARN_INT_CONVERSION = YES;
				CLANG_WARN_NON_LITERAL_NULL_CONVERSION = YES;
				CLANG_WARN_OBJC_IMPLICIT_RETAIN_SELF = YES;
				CLANG_WARN_OBJC_LITERAL_CONVERSION = YES;
				CLANG_WARN_OBJC_ROOT_CLASS = YES_ERROR;
				CLANG_WARN_QUOTED_INCLUDE_IN_FRAMEWORK_HEADER = YES;
				CLANG_WARN_RANGE_LOOP_ANALYSIS = YES;
				CLANG_WARN_STRICT_PROTOTYPES = YES;
				CLANG_WARN_SUSPICIOUS_MOVE = YES;
				CLANG_WARN_UNGUARDED_AVAILABILITY = YES_AGGRESSIVE;
				CLANG_WARN_UNREACHABLE_CODE = YES;
				CLANG_WARN__DUPLICATE_METHOD_MATCH = YES;
				COPY_PHASE_STRIP = NO;
				DEBUG_INFORMATION_FORMAT = dwarf;
				ENABLE_STRICT_OBJC_MSGSEND = YES;
				ENABLE_TESTABILITY = YES;
				GCC_C_LANGUAGE_STANDARD = gnu11;
				GCC_DYNAMIC_NO_PIC = NO;
				GCC_NO_COMMON_BLOCKS = YES;
				GCC_OPTIMIZATION_LEVEL = 0;
				GCC_PREPROCESSOR_DEFINITIONS = (
					"DEBUG=1",
					"$(inherited)",
				);
				GCC_WARN_64_TO_32_BIT_CONVERSION = YES;
				GCC_WARN_ABOUT_RETURN_TYPE = YES_ERROR;
				GCC_WARN_UNDECLARED_SELECTOR = YES;
				GCC_WARN_UNINITIALIZED_AUTOS = YES_AGGRESSIVE;
				GCC_WARN_UNUSED_FUNCTION = YES;
				GCC_WARN_UNUSED_VARIABLE = YES;
				MTL_ENABLE_DEBUG_INFO = INCLUDE_SOURCE;
				MTL_FAST_MATH = YES;
				ONLY_ACTIVE_ARCH = YES;
				SWIFT_ACTIVE_COMPILATION_CONDITIONS = DEBUG;
				SWIFT_OPTIMIZATION_LEVEL = "-Onone";
			};
			name = Debug;
		};
		45E9EF8929F555170085B2DF /* Release */ = {
			isa = XCBuildConfiguration;
			buildSettings = {
				ALWAYS_SEARCH_USER_PATHS = NO;
				CLANG_ANALYZER_NONNULL = YES;
				CLANG_ANALYZER_NUMBER_OBJECT_CONVERSION = YES_AGGRESSIVE;
				CLANG_CXX_LANGUAGE_STANDARD = "gnu++20";
				CLANG_ENABLE_MODULES = YES;
				CLANG_ENABLE_OBJC_ARC = YES;
				CLANG_ENABLE_OBJC_WEAK = YES;
				CLANG_WARN_BLOCK_CAPTURE_AUTORELEASING = YES;
				CLANG_WARN_BOOL_CONVERSION = YES;
				CLANG_WARN_COMMA = YES;
				CLANG_WARN_CONSTANT_CONVERSION = YES;
				CLANG_WARN_DEPRECATED_OBJC_IMPLEMENTATIONS = YES;
				CLANG_WARN_DIRECT_OBJC_ISA_USAGE = YES_ERROR;
				CLANG_WARN_DOCUMENTATION_COMMENTS = YES;
				CLANG_WARN_EMPTY_BODY = YES;
				CLANG_WARN_ENUM_CONVERSION = YES;
				CLANG_WARN_INFINITE_RECURSION = YES;
				CLANG_WARN_INT_CONVERSION = YES;
				CLANG_WARN_NON_LITERAL_NULL_CONVERSION = YES;
				CLANG_WARN_OBJC_IMPLICIT_RETAIN_SELF = YES;
				CLANG_WARN_OBJC_LITERAL_CONVERSION = YES;
				CLANG_WARN_OBJC_ROOT_CLASS = YES_ERROR;
				CLANG_WARN_QUOTED_INCLUDE_IN_FRAMEWORK_HEADER = YES;
				CLANG_WARN_RANGE_LOOP_ANALYSIS = YES;
				CLANG_WARN_STRICT_PROTOTYPES = YES;
				CLANG_WARN_SUSPICIOUS_MOVE = YES;
				CLANG_WARN_UNGUARDED_AVAILABILITY = YES_AGGRESSIVE;
				CLANG_WARN_UNREACHABLE_CODE = YES;
				CLANG_WARN__DUPLICATE_METHOD_MATCH = YES;
				COPY_PHASE_STRIP = NO;
				DEBUG_INFORMATION_FORMAT = "dwarf-with-dsym";
				ENABLE_NS_ASSERTIONS = NO;
				ENABLE_STRICT_OBJC_MSGSEND = YES;
				GCC_C_LANGUAGE_STANDARD = gnu11;
				GCC_NO_COMMON_BLOCKS = YES;
				GCC_WARN_64_TO_32_BIT_CONVERSION = YES;
				GCC_WARN_ABOUT_RETURN_TYPE = YES_ERROR;
				GCC_WARN_UNDECLARED_SELECTOR = YES;
				GCC_WARN_UNINITIALIZED_AUTOS = YES_AGGRESSIVE;
				GCC_WARN_UNUSED_FUNCTION = YES;
				GCC_WARN_UNUSED_VARIABLE = YES;
				MTL_ENABLE_DEBUG_INFO = NO;
				MTL_FAST_MATH = YES;
				SWIFT_COMPILATION_MODE = wholemodule;
				SWIFT_OPTIMIZATION_LEVEL = "-O";
			};
			name = Release;
		};
		45E9EF8B29F555170085B2DF /* Debug */ = {
			isa = XCBuildConfiguration;
			buildSettings = {
				ASSETCATALOG_COMPILER_APPICON_NAME = AppIcon;
				ASSETCATALOG_COMPILER_GLOBAL_ACCENT_COLOR_NAME = AccentColor;
				CODE_SIGN_ENTITLEMENTS = "Task Manager/Task_Manager.entitlements";
				CODE_SIGN_STYLE = Automatic;
				CURRENT_PROJECT_VERSION = 1;
				DEVELOPMENT_ASSET_PATHS = "\"Task Manager/Preview Content\"";
				DEVELOPMENT_TEAM = 8JWSP5KC9K;
				ENABLE_HARDENED_RUNTIME = YES;
				ENABLE_PREVIEWS = YES;
				GENERATE_INFOPLIST_FILE = YES;
				INFOPLIST_KEY_CFBundleDisplayName = "Arman Zoghi";
				"INFOPLIST_KEY_UIApplicationSceneManifest_Generation[sdk=iphoneos*]" = YES;
				"INFOPLIST_KEY_UIApplicationSceneManifest_Generation[sdk=iphonesimulator*]" = YES;
				"INFOPLIST_KEY_UIApplicationSupportsIndirectInputEvents[sdk=iphoneos*]" = YES;
				"INFOPLIST_KEY_UIApplicationSupportsIndirectInputEvents[sdk=iphonesimulator*]" = YES;
				"INFOPLIST_KEY_UILaunchScreen_Generation[sdk=iphoneos*]" = YES;
				"INFOPLIST_KEY_UILaunchScreen_Generation[sdk=iphonesimulator*]" = YES;
				"INFOPLIST_KEY_UIStatusBarStyle[sdk=iphoneos*]" = UIStatusBarStyleDefault;
				"INFOPLIST_KEY_UIStatusBarStyle[sdk=iphonesimulator*]" = UIStatusBarStyleDefault;
				INFOPLIST_KEY_UISupportedInterfaceOrientations_iPad = "UIInterfaceOrientationPortrait UIInterfaceOrientationPortraitUpsideDown UIInterfaceOrientationLandscapeLeft UIInterfaceOrientationLandscapeRight";
				INFOPLIST_KEY_UISupportedInterfaceOrientations_iPhone = "UIInterfaceOrientationPortrait UIInterfaceOrientationLandscapeLeft UIInterfaceOrientationLandscapeRight";
				IPHONEOS_DEPLOYMENT_TARGET = 16.4;
				LD_RUNPATH_SEARCH_PATHS = "@executable_path/Frameworks";
				"LD_RUNPATH_SEARCH_PATHS[sdk=macosx*]" = "@executable_path/../Frameworks";
				MACOSX_DEPLOYMENT_TARGET = 13.3;
				MARKETING_VERSION = 1.0;
				PRODUCT_BUNDLE_IDENTIFIER = "com.armanzoghi.Task-Manager";
				"PRODUCT_BUNDLE_IDENTIFIER[sdk=iphoneos*]" = "com.armanzoghi.task-manager.welfGMBH";
				PRODUCT_NAME = "$(TARGET_NAME)";
				SDKROOT = auto;
				SUPPORTED_PLATFORMS = "iphoneos iphonesimulator";
				SUPPORTS_MACCATALYST = NO;
				SUPPORTS_MAC_DESIGNED_FOR_IPHONE_IPAD = NO;
				SWIFT_EMIT_LOC_STRINGS = YES;
				SWIFT_VERSION = 5.0;
				TARGETED_DEVICE_FAMILY = "1,2";
			};
			name = Debug;
		};
		45E9EF8C29F555170085B2DF /* Release */ = {
			isa = XCBuildConfiguration;
			buildSettings = {
				ASSETCATALOG_COMPILER_APPICON_NAME = AppIcon;
				ASSETCATALOG_COMPILER_GLOBAL_ACCENT_COLOR_NAME = AccentColor;
				CODE_SIGN_ENTITLEMENTS = "Task Manager/Task_Manager.entitlements";
				CODE_SIGN_STYLE = Automatic;
				CURRENT_PROJECT_VERSION = 1;
				DEVELOPMENT_ASSET_PATHS = "\"Task Manager/Preview Content\"";
				DEVELOPMENT_TEAM = 8JWSP5KC9K;
				ENABLE_HARDENED_RUNTIME = YES;
				ENABLE_PREVIEWS = YES;
				GENERATE_INFOPLIST_FILE = YES;
				INFOPLIST_KEY_CFBundleDisplayName = "Arman Zoghi";
				"INFOPLIST_KEY_UIApplicationSceneManifest_Generation[sdk=iphoneos*]" = YES;
				"INFOPLIST_KEY_UIApplicationSceneManifest_Generation[sdk=iphonesimulator*]" = YES;
				"INFOPLIST_KEY_UIApplicationSupportsIndirectInputEvents[sdk=iphoneos*]" = YES;
				"INFOPLIST_KEY_UIApplicationSupportsIndirectInputEvents[sdk=iphonesimulator*]" = YES;
				"INFOPLIST_KEY_UILaunchScreen_Generation[sdk=iphoneos*]" = YES;
				"INFOPLIST_KEY_UILaunchScreen_Generation[sdk=iphonesimulator*]" = YES;
				"INFOPLIST_KEY_UIStatusBarStyle[sdk=iphoneos*]" = UIStatusBarStyleDefault;
				"INFOPLIST_KEY_UIStatusBarStyle[sdk=iphonesimulator*]" = UIStatusBarStyleDefault;
				INFOPLIST_KEY_UISupportedInterfaceOrientations_iPad = "UIInterfaceOrientationPortrait UIInterfaceOrientationPortraitUpsideDown UIInterfaceOrientationLandscapeLeft UIInterfaceOrientationLandscapeRight";
				INFOPLIST_KEY_UISupportedInterfaceOrientations_iPhone = "UIInterfaceOrientationPortrait UIInterfaceOrientationLandscapeLeft UIInterfaceOrientationLandscapeRight";
				IPHONEOS_DEPLOYMENT_TARGET = 16.4;
				LD_RUNPATH_SEARCH_PATHS = "@executable_path/Frameworks";
				"LD_RUNPATH_SEARCH_PATHS[sdk=macosx*]" = "@executable_path/../Frameworks";
				MACOSX_DEPLOYMENT_TARGET = 13.3;
				MARKETING_VERSION = 1.0;
				PRODUCT_BUNDLE_IDENTIFIER = "com.armanzoghi.Task-Manager";
				"PRODUCT_BUNDLE_IDENTIFIER[sdk=iphoneos*]" = "com.armanzoghi.task-manager.welfGMBH";
				PRODUCT_NAME = "$(TARGET_NAME)";
				SDKROOT = auto;
				SUPPORTED_PLATFORMS = "iphoneos iphonesimulator";
				SUPPORTS_MACCATALYST = NO;
				SUPPORTS_MAC_DESIGNED_FOR_IPHONE_IPAD = NO;
				SWIFT_EMIT_LOC_STRINGS = YES;
				SWIFT_VERSION = 5.0;
				TARGETED_DEVICE_FAMILY = "1,2";
			};
			name = Release;
		};
/* End XCBuildConfiguration section */

/* Begin XCConfigurationList section */
		45E9EF7629F555160085B2DF /* Build configuration list for PBXProject "Task Manager" */ = {
			isa = XCConfigurationList;
			buildConfigurations = (
				45E9EF8829F555170085B2DF /* Debug */,
				45E9EF8929F555170085B2DF /* Release */,
			);
			defaultConfigurationIsVisible = 0;
			defaultConfigurationName = Release;
		};
		45E9EF8A29F555170085B2DF /* Build configuration list for PBXNativeTarget "Task Manager" */ = {
			isa = XCConfigurationList;
			buildConfigurations = (
				45E9EF8B29F555170085B2DF /* Debug */,
				45E9EF8C29F555170085B2DF /* Release */,
			);
			defaultConfigurationIsVisible = 0;
			defaultConfigurationName = Release;
		};
/* End XCConfigurationList section */
	};
	rootObject = 45E9EF7329F555160085B2DF /* Project object */;
}
